// !$*UTF8*$!
{
	archiveVersion = 1;
	classes = {
	};
	objectVersion = 50;
	objects = {

/* Begin PBXBuildFile section */
		2511D5102138BA3000F5C16E /* TokenizationViewController.swift in Sources */ = {isa = PBXBuildFile; fileRef = 2511D50E2138BA3000F5C16E /* TokenizationViewController.swift */; };
		2511D5122138BB4F00F5C16E /* MainViewController.swift in Sources */ = {isa = PBXBuildFile; fileRef = 2511D5112138BB4F00F5C16E /* MainViewController.swift */; };
		2540D72920896790003A4A00 /* VisaNetSDK.framework in Frameworks */ = {isa = PBXBuildFile; fileRef = 25DC4CF9207CB5AF0025A818 /* VisaNetSDK.framework */; };
		25DC4CDC207C857B0025A818 /* AppDelegate.swift in Sources */ = {isa = PBXBuildFile; fileRef = 25DC4CDB207C857B0025A818 /* AppDelegate.swift */; };
		25DC4CE1207C857B0025A818 /* Main.storyboard in Resources */ = {isa = PBXBuildFile; fileRef = 25DC4CDF207C857B0025A818 /* Main.storyboard */; };
		25DC4CE3207C857C0025A818 /* Assets.xcassets in Resources */ = {isa = PBXBuildFile; fileRef = 25DC4CE2207C857C0025A818 /* Assets.xcassets */; };
		25DC4CE6207C857C0025A818 /* LaunchScreen.storyboard in Resources */ = {isa = PBXBuildFile; fileRef = 25DC4CE4207C857C0025A818 /* LaunchScreen.storyboard */; };
		2863233E21F2940E007178C7 /* VisaNetSDK.framework in Embed Frameworks */ = {isa = PBXBuildFile; fileRef = 25DC4CF9207CB5AF0025A818 /* VisaNetSDK.framework */; settings = {ATTRIBUTES = (CodeSignOnCopy, RemoveHeadersOnCopy, ); }; };
/* End PBXBuildFile section */

/* Begin PBXContainerItemProxy section */
		2540D72B20896790003A4A00 /* PBXContainerItemProxy */ = {
			isa = PBXContainerItemProxy;
			containerPortal = 25DC4CF4207CB5AF0025A818 /* VisaNetSDK.xcodeproj */;
			proxyType = 1;
			remoteGlobalIDString = 2539FC1C1F84B800001AAF52;
			remoteInfo = VisaNetSDK;
		};
		25DC4CF8207CB5AF0025A818 /* PBXContainerItemProxy */ = {
			isa = PBXContainerItemProxy;
			containerPortal = 25DC4CF4207CB5AF0025A818 /* VisaNetSDK.xcodeproj */;
			proxyType = 2;
			remoteGlobalIDString = 2539FC1D1F84B800001AAF52;
			remoteInfo = VisaNetSDK;
		};
/* End PBXContainerItemProxy section */

/* Begin PBXCopyFilesBuildPhase section */
		2540D72D20896790003A4A00 /* Embed Frameworks */ = {
			isa = PBXCopyFilesBuildPhase;
			buildActionMask = 2147483647;
			dstPath = "";
			dstSubfolderSpec = 10;
			files = (
				2863233E21F2940E007178C7 /* VisaNetSDK.framework in Embed Frameworks */,
			);
			name = "Embed Frameworks";
			runOnlyForDeploymentPostprocessing = 0;
		};
/* End PBXCopyFilesBuildPhase section */

/* Begin PBXFileReference section */
		2511D50E2138BA3000F5C16E /* TokenizationViewController.swift */ = {isa = PBXFileReference; fileEncoding = 4; lastKnownFileType = sourcecode.swift; path = TokenizationViewController.swift; sourceTree = "<group>"; };
		2511D5112138BB4F00F5C16E /* MainViewController.swift */ = {isa = PBXFileReference; lastKnownFileType = sourcecode.swift; path = MainViewController.swift; sourceTree = "<group>"; };
		2562FBA8208496500020A3B1 /* TrustDefenderMobile.framework */ = {isa = PBXFileReference; lastKnownFileType = wrapper.framework; path = TrustDefenderMobile.framework; sourceTree = "<group>"; };
		25DC4CD8207C857B0025A818 /* VisaNetDemo.app */ = {isa = PBXFileReference; explicitFileType = wrapper.application; includeInIndex = 0; path = VisaNetDemo.app; sourceTree = BUILT_PRODUCTS_DIR; };
		25DC4CDB207C857B0025A818 /* AppDelegate.swift */ = {isa = PBXFileReference; lastKnownFileType = sourcecode.swift; path = AppDelegate.swift; sourceTree = "<group>"; };
		25DC4CE0207C857B0025A818 /* Base */ = {isa = PBXFileReference; lastKnownFileType = file.storyboard; name = Base; path = Base.lproj/Main.storyboard; sourceTree = "<group>"; };
		25DC4CE2207C857C0025A818 /* Assets.xcassets */ = {isa = PBXFileReference; lastKnownFileType = folder.assetcatalog; path = Assets.xcassets; sourceTree = "<group>"; };
		25DC4CE5207C857C0025A818 /* Base */ = {isa = PBXFileReference; lastKnownFileType = file.storyboard; name = Base; path = Base.lproj/LaunchScreen.storyboard; sourceTree = "<group>"; };
		25DC4CE7207C857C0025A818 /* Info.plist */ = {isa = PBXFileReference; lastKnownFileType = text.plist.xml; path = Info.plist; sourceTree = "<group>"; };
		25DC4CF4207CB5AF0025A818 /* VisaNetSDK.xcodeproj */ = {isa = PBXFileReference; lastKnownFileType = "wrapper.pb-project"; name = VisaNetSDK.xcodeproj; path = ../VisaNetSDK.xcodeproj; sourceTree = "<group>"; };
		2851FCEA220B2DF900F7D825 /* es-419 */ = {isa = PBXFileReference; lastKnownFileType = text.plist.strings; name = "es-419"; path = "es-419.lproj/Main.strings"; sourceTree = "<group>"; };
		2851FCEB220B2DF900F7D825 /* es-419 */ = {isa = PBXFileReference; lastKnownFileType = text.plist.strings; name = "es-419"; path = "es-419.lproj/LaunchScreen.strings"; sourceTree = "<group>"; };
/* End PBXFileReference section */

/* Begin PBXFrameworksBuildPhase section */
		25DC4CD5207C857B0025A818 /* Frameworks */ = {
			isa = PBXFrameworksBuildPhase;
			buildActionMask = 2147483647;
			files = (
				2540D72920896790003A4A00 /* VisaNetSDK.framework in Frameworks */,
			);
			runOnlyForDeploymentPostprocessing = 0;
		};
/* End PBXFrameworksBuildPhase section */

/* Begin PBXGroup section */
		2562FBA72084963E0020A3B1 /* Frameworks */ = {
			isa = PBXGroup;
			children = (
				2562FBA8208496500020A3B1 /* TrustDefenderMobile.framework */,
			);
			path = Frameworks;
			sourceTree = "<group>";
		};
		25DC4CCF207C857B0025A818 = {
			isa = PBXGroup;
			children = (
				25DC4CF4207CB5AF0025A818 /* VisaNetSDK.xcodeproj */,
				25DC4CDA207C857B0025A818 /* VisaNetDemo */,
				25DC4CD9207C857B0025A818 /* Products */,
				2562FBA72084963E0020A3B1 /* Frameworks */,
				25E6EA922086FC85002D91CE /* Recovered References */,
			);
			sourceTree = "<group>";
		};
		25DC4CD9207C857B0025A818 /* Products */ = {
			isa = PBXGroup;
			children = (
				25DC4CD8207C857B0025A818 /* VisaNetDemo.app */,
			);
			name = Products;
			sourceTree = "<group>";
		};
		25DC4CDA207C857B0025A818 /* VisaNetDemo */ = {
			isa = PBXGroup;
			children = (
				2511D5112138BB4F00F5C16E /* MainViewController.swift */,
				2511D50E2138BA3000F5C16E /* TokenizationViewController.swift */,
				25DC4CDB207C857B0025A818 /* AppDelegate.swift */,
				25DC4CDF207C857B0025A818 /* Main.storyboard */,
				25DC4CE2207C857C0025A818 /* Assets.xcassets */,
				25DC4CE4207C857C0025A818 /* LaunchScreen.storyboard */,
				25DC4CE7207C857C0025A818 /* Info.plist */,
			);
			path = VisaNetDemo;
			sourceTree = "<group>";
		};
		25DC4CF5207CB5AF0025A818 /* Products */ = {
			isa = PBXGroup;
			children = (
				25DC4CF9207CB5AF0025A818 /* VisaNetSDK.framework */,
			);
			name = Products;
			sourceTree = "<group>";
		};
		25E6EA922086FC85002D91CE /* Recovered References */ = {
			isa = PBXGroup;
			children = (
			);
			name = "Recovered References";
			sourceTree = "<group>";
		};
/* End PBXGroup section */

/* Begin PBXNativeTarget section */
		25DC4CD7207C857B0025A818 /* VisaNetDemo */ = {
			isa = PBXNativeTarget;
			buildConfigurationList = 25DC4CEA207C857C0025A818 /* Build configuration list for PBXNativeTarget "VisaNetDemo" */;
			buildPhases = (
				25DC4CD4207C857B0025A818 /* Sources */,
				25DC4CD5207C857B0025A818 /* Frameworks */,
				25DC4CD6207C857B0025A818 /* Resources */,
				2540D72D20896790003A4A00 /* Embed Frameworks */,
				2863233C21F25A90007178C7 /* ShellScript */,
			);
			buildRules = (
			);
			dependencies = (
				2540D72C20896790003A4A00 /* PBXTargetDependency */,
			);
			name = VisaNetDemo;
			productName = VisaNetDemo;
			productReference = 25DC4CD8207C857B0025A818 /* VisaNetDemo.app */;
			productType = "com.apple.product-type.application";
		};
/* End PBXNativeTarget section */

/* Begin PBXProject section */
		25DC4CD0207C857B0025A818 /* Project object */ = {
			isa = PBXProject;
			attributes = {
				LastSwiftUpdateCheck = 0930;
				LastUpgradeCheck = 0930;
				ORGANIZATIONNAME = VisaNet;
				TargetAttributes = {
					25DC4CD7207C857B0025A818 = {
						CreatedOnToolsVersion = 9.3;
					};
				};
			};
			buildConfigurationList = 25DC4CD3207C857B0025A818 /* Build configuration list for PBXProject "VisaNetDemo" */;
			compatibilityVersion = "Xcode 9.3";
			developmentRegion = en;
			hasScannedForEncodings = 0;
			knownRegions = (
				en,
				Base,
				"es-419",
			);
			mainGroup = 25DC4CCF207C857B0025A818;
			productRefGroup = 25DC4CD9207C857B0025A818 /* Products */;
			projectDirPath = "";
			projectReferences = (
				{
					ProductGroup = 25DC4CF5207CB5AF0025A818 /* Products */;
					ProjectRef = 25DC4CF4207CB5AF0025A818 /* VisaNetSDK.xcodeproj */;
				},
			);
			projectRoot = "";
			targets = (
				25DC4CD7207C857B0025A818 /* VisaNetDemo */,
			);
		};
/* End PBXProject section */

/* Begin PBXReferenceProxy section */
		25DC4CF9207CB5AF0025A818 /* VisaNetSDK.framework */ = {
			isa = PBXReferenceProxy;
			fileType = wrapper.framework;
			path = VisaNetSDK.framework;
			remoteRef = 25DC4CF8207CB5AF0025A818 /* PBXContainerItemProxy */;
			sourceTree = BUILT_PRODUCTS_DIR;
		};
/* End PBXReferenceProxy section */

/* Begin PBXResourcesBuildPhase section */
		25DC4CD6207C857B0025A818 /* Resources */ = {
			isa = PBXResourcesBuildPhase;
			buildActionMask = 2147483647;
			files = (
				25DC4CE6207C857C0025A818 /* LaunchScreen.storyboard in Resources */,
				25DC4CE3207C857C0025A818 /* Assets.xcassets in Resources */,
				25DC4CE1207C857B0025A818 /* Main.storyboard in Resources */,
			);
			runOnlyForDeploymentPostprocessing = 0;
		};
/* End PBXResourcesBuildPhase section */

/* Begin PBXShellScriptBuildPhase section */
		2863233C21F25A90007178C7 /* ShellScript */ = {
			isa = PBXShellScriptBuildPhase;
			buildActionMask = 2147483647;
			files = (
			);
			inputFileListPaths = (
			);
			inputPaths = (
			);
			outputFileListPaths = (
			);
			outputPaths = (
			);
			runOnlyForDeploymentPostprocessing = 0;
			shellPath = /bin/sh;
			shellScript = "APP_PATH=\"${TARGET_BUILD_DIR}/${WRAPPER_NAME}\"\n\n# This script loops through the frameworks embedded in the application and\n# removes unused architectures.\nfind \"$APP_PATH\" -name 'CardIO.framework' -type d | while read -r FRAMEWORK\ndo\nFRAMEWORK_EXECUTABLE_NAME=$(defaults read \"$FRAMEWORK/Info.plist\" CFBundleExecutable)\nFRAMEWORK_EXECUTABLE_PATH=\"$FRAMEWORK/$FRAMEWORK_EXECUTABLE_NAME\"\necho \"Executable is $FRAMEWORK_EXECUTABLE_PATH\"\n\nEXTRACTED_ARCHS=()\n\nfor ARCH in $ARCHS\ndo\necho \"Extracting $ARCH from $FRAMEWORK_EXECUTABLE_NAME\"\nlipo -extract \"$ARCH\" \"$FRAMEWORK_EXECUTABLE_PATH\" -o \"$FRAMEWORK_EXECUTABLE_PATH-$ARCH\"\nEXTRACTED_ARCHS+=(\"$FRAMEWORK_EXECUTABLE_PATH-$ARCH\")\ndone\n\necho \"Merging extracted architectures: ${ARCHS}\"\nlipo -o \"$FRAMEWORK_EXECUTABLE_PATH-merged\" -create \"${EXTRACTED_ARCHS[@]}\"\nrm \"${EXTRACTED_ARCHS[@]}\"\n\necho \"Replacing original executable with thinned version\"\nrm \"$FRAMEWORK_EXECUTABLE_PATH\"\nmv \"$FRAMEWORK_EXECUTABLE_PATH-merged\" \"$FRAMEWORK_EXECUTABLE_PATH\"\n\ndone\n";
		};
/* End PBXShellScriptBuildPhase section */

/* Begin PBXSourcesBuildPhase section */
		25DC4CD4207C857B0025A818 /* Sources */ = {
			isa = PBXSourcesBuildPhase;
			buildActionMask = 2147483647;
			files = (
				2511D5102138BA3000F5C16E /* TokenizationViewController.swift in Sources */,
				25DC4CDC207C857B0025A818 /* AppDelegate.swift in Sources */,
				2511D5122138BB4F00F5C16E /* MainViewController.swift in Sources */,
			);
			runOnlyForDeploymentPostprocessing = 0;
		};
/* End PBXSourcesBuildPhase section */

/* Begin PBXTargetDependency section */
		2540D72C20896790003A4A00 /* PBXTargetDependency */ = {
			isa = PBXTargetDependency;
			name = VisaNetSDK;
			targetProxy = 2540D72B20896790003A4A00 /* PBXContainerItemProxy */;
		};
/* End PBXTargetDependency section */

/* Begin PBXVariantGroup section */
		25DC4CDF207C857B0025A818 /* Main.storyboard */ = {
			isa = PBXVariantGroup;
			children = (
				25DC4CE0207C857B0025A818 /* Base */,
				2851FCEA220B2DF900F7D825 /* es-419 */,
			);
			name = Main.storyboard;
			sourceTree = "<group>";
		};
		25DC4CE4207C857C0025A818 /* LaunchScreen.storyboard */ = {
			isa = PBXVariantGroup;
			children = (
				25DC4CE5207C857C0025A818 /* Base */,
				2851FCEB220B2DF900F7D825 /* es-419 */,
			);
			name = LaunchScreen.storyboard;
			sourceTree = "<group>";
		};
/* End PBXVariantGroup section */

/* Begin XCBuildConfiguration section */
		25DC4CE8207C857C0025A818 /* Debug */ = {
			isa = XCBuildConfiguration;
			buildSettings = {
				ALWAYS_SEARCH_USER_PATHS = NO;
				CLANG_ANALYZER_LOCALIZABILITY_NONLOCALIZED = YES;
				CLANG_ANALYZER_NONNULL = YES;
				CLANG_ANALYZER_NUMBER_OBJECT_CONVERSION = YES_AGGRESSIVE;
				CLANG_CXX_LANGUAGE_STANDARD = "gnu++14";
				CLANG_CXX_LIBRARY = "libc++";
				CLANG_ENABLE_MODULES = YES;
				CLANG_ENABLE_OBJC_ARC = YES;
				CLANG_ENABLE_OBJC_WEAK = YES;
				CLANG_WARN_BLOCK_CAPTURE_AUTORELEASING = YES;
				CLANG_WARN_BOOL_CONVERSION = YES;
				CLANG_WARN_COMMA = YES;
				CLANG_WARN_CONSTANT_CONVERSION = YES;
				CLANG_WARN_DEPRECATED_OBJC_IMPLEMENTATIONS = YES;
				CLANG_WARN_DIRECT_OBJC_ISA_USAGE = YES_ERROR;
				CLANG_WARN_DOCUMENTATION_COMMENTS = YES;
				CLANG_WARN_EMPTY_BODY = YES;
				CLANG_WARN_ENUM_CONVERSION = YES;
				CLANG_WARN_INFINITE_RECURSION = YES;
				CLANG_WARN_INT_CONVERSION = YES;
				CLANG_WARN_NON_LITERAL_NULL_CONVERSION = YES;
				CLANG_WARN_OBJC_IMPLICIT_RETAIN_SELF = YES;
				CLANG_WARN_OBJC_LITERAL_CONVERSION = YES;
				CLANG_WARN_OBJC_ROOT_CLASS = YES_ERROR;
				CLANG_WARN_RANGE_LOOP_ANALYSIS = YES;
				CLANG_WARN_STRICT_PROTOTYPES = YES;
				CLANG_WARN_SUSPICIOUS_MOVE = YES;
				CLANG_WARN_UNGUARDED_AVAILABILITY = YES_AGGRESSIVE;
				CLANG_WARN_UNREACHABLE_CODE = YES;
				CLANG_WARN__DUPLICATE_METHOD_MATCH = YES;
				CODE_SIGN_IDENTITY = "iPhone Developer";
				COPY_PHASE_STRIP = NO;
				DEBUG_INFORMATION_FORMAT = dwarf;
				ENABLE_STRICT_OBJC_MSGSEND = YES;
				ENABLE_TESTABILITY = YES;
				GCC_C_LANGUAGE_STANDARD = gnu11;
				GCC_DYNAMIC_NO_PIC = NO;
				GCC_NO_COMMON_BLOCKS = YES;
				GCC_OPTIMIZATION_LEVEL = 0;
				GCC_PREPROCESSOR_DEFINITIONS = (
					"DEBUG=1",
					"$(inherited)",
				);
				GCC_WARN_64_TO_32_BIT_CONVERSION = YES;
				GCC_WARN_ABOUT_RETURN_TYPE = YES_ERROR;
				GCC_WARN_UNDECLARED_SELECTOR = YES;
				GCC_WARN_UNINITIALIZED_AUTOS = YES_AGGRESSIVE;
				GCC_WARN_UNUSED_FUNCTION = YES;
				GCC_WARN_UNUSED_VARIABLE = YES;
				IPHONEOS_DEPLOYMENT_TARGET = 9.0;
				MTL_ENABLE_DEBUG_INFO = YES;
				ONLY_ACTIVE_ARCH = YES;
				SDKROOT = iphoneos;
				SWIFT_ACTIVE_COMPILATION_CONDITIONS = DEBUG;
				SWIFT_OPTIMIZATION_LEVEL = "-Onone";
			};
			name = Debug;
		};
		25DC4CE9207C857C0025A818 /* Release */ = {
			isa = XCBuildConfiguration;
			buildSettings = {
				ALWAYS_SEARCH_USER_PATHS = NO;
				CLANG_ANALYZER_LOCALIZABILITY_NONLOCALIZED = YES;
				CLANG_ANALYZER_NONNULL = YES;
				CLANG_ANALYZER_NUMBER_OBJECT_CONVERSION = YES_AGGRESSIVE;
				CLANG_CXX_LANGUAGE_STANDARD = "gnu++14";
				CLANG_CXX_LIBRARY = "libc++";
				CLANG_ENABLE_MODULES = YES;
				CLANG_ENABLE_OBJC_ARC = YES;
				CLANG_ENABLE_OBJC_WEAK = YES;
				CLANG_WARN_BLOCK_CAPTURE_AUTORELEASING = YES;
				CLANG_WARN_BOOL_CONVERSION = YES;
				CLANG_WARN_COMMA = YES;
				CLANG_WARN_CONSTANT_CONVERSION = YES;
				CLANG_WARN_DEPRECATED_OBJC_IMPLEMENTATIONS = YES;
				CLANG_WARN_DIRECT_OBJC_ISA_USAGE = YES_ERROR;
				CLANG_WARN_DOCUMENTATION_COMMENTS = YES;
				CLANG_WARN_EMPTY_BODY = YES;
				CLANG_WARN_ENUM_CONVERSION = YES;
				CLANG_WARN_INFINITE_RECURSION = YES;
				CLANG_WARN_INT_CONVERSION = YES;
				CLANG_WARN_NON_LITERAL_NULL_CONVERSION = YES;
				CLANG_WARN_OBJC_IMPLICIT_RETAIN_SELF = YES;
				CLANG_WARN_OBJC_LITERAL_CONVERSION = YES;
				CLANG_WARN_OBJC_ROOT_CLASS = YES_ERROR;
				CLANG_WARN_RANGE_LOOP_ANALYSIS = YES;
				CLANG_WARN_STRICT_PROTOTYPES = YES;
				CLANG_WARN_SUSPICIOUS_MOVE = YES;
				CLANG_WARN_UNGUARDED_AVAILABILITY = YES_AGGRESSIVE;
				CLANG_WARN_UNREACHABLE_CODE = YES;
				CLANG_WARN__DUPLICATE_METHOD_MATCH = YES;
				CODE_SIGN_IDENTITY = "iPhone Developer";
				COPY_PHASE_STRIP = NO;
				DEBUG_INFORMATION_FORMAT = "dwarf-with-dsym";
				ENABLE_NS_ASSERTIONS = NO;
				ENABLE_STRICT_OBJC_MSGSEND = YES;
				GCC_C_LANGUAGE_STANDARD = gnu11;
				GCC_NO_COMMON_BLOCKS = YES;
				GCC_WARN_64_TO_32_BIT_CONVERSION = YES;
				GCC_WARN_ABOUT_RETURN_TYPE = YES_ERROR;
				GCC_WARN_UNDECLARED_SELECTOR = YES;
				GCC_WARN_UNINITIALIZED_AUTOS = YES_AGGRESSIVE;
				GCC_WARN_UNUSED_FUNCTION = YES;
				GCC_WARN_UNUSED_VARIABLE = YES;
				IPHONEOS_DEPLOYMENT_TARGET = 9.0;
				MTL_ENABLE_DEBUG_INFO = NO;
				SDKROOT = iphoneos;
				SWIFT_COMPILATION_MODE = wholemodule;
				SWIFT_OPTIMIZATION_LEVEL = "-O";
				VALIDATE_PRODUCT = YES;
			};
			name = Release;
		};
		25DC4CEB207C857C0025A818 /* Debug */ = {
			isa = XCBuildConfiguration;
			buildSettings = {
				ALWAYS_EMBED_SWIFT_STANDARD_LIBRARIES = YES;
				ASSETCATALOG_COMPILER_APPICON_NAME = AppIcon;
				CODE_SIGN_IDENTITY = "iPhone Developer";
				CODE_SIGN_STYLE = Automatic;
				CURRENT_PROJECT_VERSION = 3;
				DEVELOPMENT_TEAM = GHUBVVS7DY;
				ENABLE_BITCODE = NO;
				FRAMEWORK_SEARCH_PATHS = (
					"$(inherited)",
					"$(PROJECT_DIR)/VisaNetDemo/Frameworks",
					"$(PROJECT_DIR)",
					"$(PROJECT_DIR)/Frameworks",
				);
				INFOPLIST_FILE = VisaNetDemo/Info.plist;
				IPHONEOS_DEPLOYMENT_TARGET = 9.0;
				LD_RUNPATH_SEARCH_PATHS = (
					"$(inherited)",
					"@executable_path/Frameworks",
					"@loader_path/Frameworks",
				);
				MARKETING_VERSION = 1.0.3;
				ONLY_ACTIVE_ARCH = NO;
				OTHER_LDFLAGS = "-lc++";
				PRODUCT_BUNDLE_IDENTIFIER = com.visanet.VisaNetTokenizationSample;
				PRODUCT_NAME = "$(TARGET_NAME)";
				PROVISIONING_PROFILE_SPECIFIER = "";
				SKIP_INSTALL = NO;
				SWIFT_ACTIVE_COMPILATION_CONDITIONS = DEBUG;
				SWIFT_COMPILATION_MODE = singlefile;
				SWIFT_OPTIMIZATION_LEVEL = "-Onone";
				SWIFT_VERSION = 5.0;
				TARGETED_DEVICE_FAMILY = 1;
			};
			name = Debug;
		};
		25DC4CEC207C857C0025A818 /* Release */ = {
			isa = XCBuildConfiguration;
			buildSettings = {
				ALWAYS_EMBED_SWIFT_STANDARD_LIBRARIES = YES;
				ASSETCATALOG_COMPILER_APPICON_NAME = AppIcon;
				CODE_SIGN_IDENTITY = "iPhone Developer";
				CODE_SIGN_STYLE = Automatic;
				CURRENT_PROJECT_VERSION = 3;
				DEVELOPMENT_TEAM = GHUBVVS7DY;
				ENABLE_BITCODE = NO;
				FRAMEWORK_SEARCH_PATHS = (
					"$(inherited)",
					"$(PROJECT_DIR)/VisaNetDemo/Frameworks",
					"$(PROJECT_DIR)",
					"$(PROJECT_DIR)/Frameworks",
				);
				INFOPLIST_FILE = VisaNetDemo/Info.plist;
				IPHONEOS_DEPLOYMENT_TARGET = 9.0;
				LD_RUNPATH_SEARCH_PATHS = (
					"$(inherited)",
					"@executable_path/Frameworks",
					"@loader_path/Frameworks",
				);
				MARKETING_VERSION = 1.0.3;
				ONLY_ACTIVE_ARCH = NO;
				OTHER_LDFLAGS = "-lc++";
				PRODUCT_BUNDLE_IDENTIFIER = com.visanet.VisaNetTokenizationSample;
				PRODUCT_NAME = "$(TARGET_NAME)";
				PROVISIONING_PROFILE_SPECIFIER = "";
				SKIP_INSTALL = NO;
				"SWIFT_ACTIVE_COMPILATION_CONDITIONS[arch=*]" = "";
				SWIFT_VERSION = 5.0;
				TARGETED_DEVICE_FAMILY = 1;
			};
			name = Release;
		};
/* End XCBuildConfiguration section */

/* Begin XCConfigurationList section */
		25DC4CD3207C857B0025A818 /* Build configuration list for PBXProject "VisaNetDemo" */ = {
			isa = XCConfigurationList;
			buildConfigurations = (
				25DC4CE8207C857C0025A818 /* Debug */,
				25DC4CE9207C857C0025A818 /* Release */,
			);
			defaultConfigurationIsVisible = 0;
			defaultConfigurationName = Release;
		};
		25DC4CEA207C857C0025A818 /* Build configuration list for PBXNativeTarget "VisaNetDemo" */ = {
			isa = XCConfigurationList;
			buildConfigurations = (
				25DC4CEB207C857C0025A818 /* Debug */,
				25DC4CEC207C857C0025A818 /* Release */,
			);
			defaultConfigurationIsVisible = 0;
			defaultConfigurationName = Release;
		};
/* End XCConfigurationList section */
	};
	rootObject = 25DC4CD0207C857B0025A818 /* Project object */;
}
